
Microsoft Visual Studio Solution File, Format Version 12.00
# Visual Studio Version 17
VisualStudioVersion = 17.14.36401.2 d17.14
MinimumVisualStudioVersion = 10.0.40219.1
Project("{FAE04EC0-301F-11D3-BF4B-00C04F79EFBC}") = "SixOs_Test_1", "SixOs_Test_1\SixOs_Test_1.csproj", "{CC2C4C68-A117-4EA2-9A8D-7EE77472C8D0}"
EndProject
Global
	GlobalSection(SolutionConfigurationPlatforms) = preSolution
		Debug|Any CPU = Debug|Any CPU
		Release|Any CPU = Release|Any CPU
	EndGlobalSection
	GlobalSection(ProjectConfigurationPlatforms) = postSolution
		{CC2C4C68-A117-4EA2-9A8D-7EE77472C8D0}.Debug|Any CPU.ActiveCfg = Debug|Any CPU
		{CC2C4C68-A117-4EA2-9A8D-7EE77472C8D0}.Debug|Any CPU.Build.0 = Debug|Any CPU
		{CC2C4C68-A117-4EA2-9A8D-7EE77472C8D0}.Release|Any CPU.ActiveCfg = Release|Any CPU
		{CC2C4C68-A117-4EA2-9A8D-7EE77472C8D0}.Release|Any CPU.Build.0 = Release|Any CPU
	EndGlobalSection
	GlobalSection(SolutionProperties) = preSolution
		HideSolutionNode = FALSE
	EndGlobalSection
	GlobalSection(ExtensibilityGlobals) = postSolution
		SolutionGuid = {BE716CCA-662C-40DD-8CD3-AAE72C990A1E}
	EndGlobalSection
EndGlobal
